
Microsoft Visual Studio Solution File, Format Version 12.00
# Visual Studio Version 17
VisualStudioVersion = 17.14.36414.22 d17.14
MinimumVisualStudioVersion = 10.0.40219.1
Project("{FAE04EC0-301F-11D3-BF4B-00C04F79EFBC}") = "kamennuzkypapir", "kamennuzkypapir\kamennuzkypapir.csproj", "{967F31FC-8C6C-4B06-8317-361AC5A482B3}"
EndProject
Global
	GlobalSection(SolutionConfigurationPlatforms) = preSolution
		Debug|Any CPU = Debug|Any CPU
		Release|Any CPU = Release|Any CPU
	EndGlobalSection
	GlobalSection(ProjectConfigurationPlatforms) = postSolution
		{967F31FC-8C6C-4B06-8317-361AC5A482B3}.Debug|Any CPU.ActiveCfg = Debug|Any CPU
		{967F31FC-8C6C-4B06-8317-361AC5A482B3}.Debug|Any CPU.Build.0 = Debug|Any CPU
		{967F31FC-8C6C-4B06-8317-361AC5A482B3}.Release|Any CPU.ActiveCfg = Release|Any CPU
		{967F31FC-8C6C-4B06-8317-361AC5A482B3}.Release|Any CPU.Build.0 = Release|Any CPU
	EndGlobalSection
	GlobalSection(SolutionProperties) = preSolution
		HideSolutionNode = FALSE
	EndGlobalSection
	GlobalSection(ExtensibilityGlobals) = postSolution
		SolutionGuid = {2444CCF3-8E7B-498A-AD7B-CB96009E32D5}
	EndGlobalSection
EndGlobal
